{
  "name": "dom-04",
  "lockfileVersion": 3,
  "requires": true,
  "packages": {
    "": {
      "dependencies": {
        "nanoid": "^5.1.4"
      }
    },
    "node_modules/nanoid": {
      "version": "5.1.4",
      "resolved": "https://registry.npmjs.org/nanoid/-/nanoid-5.1.4.tgz",
      "integrity": "sha512-GTFcMIDgR7tqji/LpSY8rtg464VnJl/j6ypoehYnuGb+Y8qZUdtKB8WVCXon0UEZgFDbuUxpIl//6FHLHgXSNA==",
      "funding": [
        {
          "type": "github",
          "url": "https://github.com/sponsors/ai"
        }
      ],
      "license": "MIT",
      "bin": {
        "nanoid": "bin/nanoid.js"
      },
      "engines": {
        "node": "^18 || >=20"
      }
    }
  }
}
